// !$*UTF8*$!
{
	archiveVersion = 1;
	classes = {
	};
	objectVersion = 56;
	objects = {

/* Begin PBXBuildFile section */
		38102D8C2DAABD990078F80A /* MoQooApp.swift in Sources */ = {isa = PBXBuildFile; fileRef = 38102D8B2DAABD990078F80A /* MoQooApp.swift */; };
		38102D8E2DAABD990078F80A /* ContentView.swift in Sources */ = {isa = PBXBuildFile; fileRef = 38102D8D2DAABD990078F80A /* ContentView.swift */; };
		38102D902DAABD9D0078F80A /* Assets.xcassets in Resources */ = {isa = PBXBuildFile; fileRef = 38102D8F2DAABD9D0078F80A /* Assets.xcassets */; };
		38102D932DAABD9D0078F80A /* Preview Assets.xcassets in Resources */ = {isa = PBXBuildFile; fileRef = 38102D922DAABD9D0078F80A /* Preview Assets.xcassets */; };
		38102D9F2DAABE250078F80A /* MainView.swift in Sources */ = {isa = PBXBuildFile; fileRef = 38102D9E2DAABE250078F80A /* MainView.swift */; };
		38102DA12DAACAA30078F80A /* Color.swift in Sources */ = {isa = PBXBuildFile; fileRef = 38102DA02DAACAA30078F80A /* Color.swift */; };
		38102DA32DAACAB60078F80A /* TabBarView.swift in Sources */ = {isa = PBXBuildFile; fileRef = 38102DA22DAACAB60078F80A /* TabBarView.swift */; };
		38102DA52DAACB500078F80A /* GoalView.swift in Sources */ = {isa = PBXBuildFile; fileRef = 38102DA42DAACB500078F80A /* GoalView.swift */; };
		38102DA72DAACB570078F80A /* RecordView.swift in Sources */ = {isa = PBXBuildFile; fileRef = 38102DA62DAACB570078F80A /* RecordView.swift */; };
		38102DA92DAACB610078F80A /* MypageView.swift in Sources */ = {isa = PBXBuildFile; fileRef = 38102DA82DAACB610078F80A /* MypageView.swift */; };
		38102DAB2DAACBB90078F80A /* CustomTabView.swift in Sources */ = {isa = PBXBuildFile; fileRef = 38102DAA2DAACBB80078F80A /* CustomTabView.swift */; };
		38DA2F502DAEAEB800E1D4D0 /* CreateFinalGoalView.swift in Sources */ = {isa = PBXBuildFile; fileRef = 38DA2F4F2DAEAEB800E1D4D0 /* CreateFinalGoalView.swift */; };
		38DA2F522DAEAEC900E1D4D0 /* EditFinalGoalView.swift in Sources */ = {isa = PBXBuildFile; fileRef = 38DA2F512DAEAEC900E1D4D0 /* EditFinalGoalView.swift */; };
		38DA2F542DAEAED600E1D4D0 /* CreateSubGoalView.swift in Sources */ = {isa = PBXBuildFile; fileRef = 38DA2F532DAEAED600E1D4D0 /* CreateSubGoalView.swift */; };
		38DA2F562DAEAEDE00E1D4D0 /* EditSubGoalView.swift in Sources */ = {isa = PBXBuildFile; fileRef = 38DA2F552DAEAEDE00E1D4D0 /* EditSubGoalView.swift */; };
		38DA2F592DAEB3CC00E1D4D0 /* BottomButton.swift in Sources */ = {isa = PBXBuildFile; fileRef = 38DA2F582DAEB3CC00E1D4D0 /* BottomButton.swift */; };
		38DA2F5B2DAEB41000E1D4D0 /* Font.swift in Sources */ = {isa = PBXBuildFile; fileRef = 38DA2F5A2DAEB41000E1D4D0 /* Font.swift */; };
		38DA2F672DAEB4DA00E1D4D0 /* Pretendard-Black.otf in Resources */ = {isa = PBXBuildFile; fileRef = 38DA2F5E2DAEB4DA00E1D4D0 /* Pretendard-Black.otf */; };
		38DA2F682DAEB4DA00E1D4D0 /* Pretendard-Thin.otf in Resources */ = {isa = PBXBuildFile; fileRef = 38DA2F5F2DAEB4DA00E1D4D0 /* Pretendard-Thin.otf */; };
		38DA2F692DAEB4DA00E1D4D0 /* Pretendard-Light.otf in Resources */ = {isa = PBXBuildFile; fileRef = 38DA2F602DAEB4DA00E1D4D0 /* Pretendard-Light.otf */; };
		38DA2F6A2DAEB4DA00E1D4D0 /* Pretendard-ExtraLight.otf in Resources */ = {isa = PBXBuildFile; fileRef = 38DA2F612DAEB4DA00E1D4D0 /* Pretendard-ExtraLight.otf */; };
		38DA2F6B2DAEB4DA00E1D4D0 /* Pretendard-Bold.otf in Resources */ = {isa = PBXBuildFile; fileRef = 38DA2F622DAEB4DA00E1D4D0 /* Pretendard-Bold.otf */; };
		38DA2F6C2DAEB4DA00E1D4D0 /* Pretendard-Regular.otf in Resources */ = {isa = PBXBuildFile; fileRef = 38DA2F632DAEB4DA00E1D4D0 /* Pretendard-Regular.otf */; };
		38DA2F6D2DAEB4DA00E1D4D0 /* Pretendard-Medium.otf in Resources */ = {isa = PBXBuildFile; fileRef = 38DA2F642DAEB4DA00E1D4D0 /* Pretendard-Medium.otf */; };
		38DA2F6E2DAEB4DA00E1D4D0 /* Pretendard-ExtraBold.otf in Resources */ = {isa = PBXBuildFile; fileRef = 38DA2F652DAEB4DA00E1D4D0 /* Pretendard-ExtraBold.otf */; };
		38DA2F6F2DAEB4DA00E1D4D0 /* Pretendard-SemiBold.otf in Resources */ = {isa = PBXBuildFile; fileRef = 38DA2F662DAEB4DA00E1D4D0 /* Pretendard-SemiBold.otf */; };
		38DA2F722DAEBAAB00E1D4D0 /* InputTextField.swift in Sources */ = {isa = PBXBuildFile; fileRef = 38DA2F712DAEBAAB00E1D4D0 /* InputTextField.swift */; };
		38DA2F742DAEBD9400E1D4D0 /* InputText.swift in Sources */ = {isa = PBXBuildFile; fileRef = 38DA2F732DAEBD9400E1D4D0 /* InputText.swift */; };
		38DA2F762DAEC0AD00E1D4D0 /* InputSection.swift in Sources */ = {isa = PBXBuildFile; fileRef = 38DA2F752DAEC0AD00E1D4D0 /* InputSection.swift */; };
		38DA2F782DAEC39500E1D4D0 /* InputTextEditor.swift in Sources */ = {isa = PBXBuildFile; fileRef = 38DA2F772DAEC39500E1D4D0 /* InputTextEditor.swift */; };
		38DA2F7A2DAECAA600E1D4D0 /* CustomToolBar.swift in Sources */ = {isa = PBXBuildFile; fileRef = 38DA2F792DAECAA600E1D4D0 /* CustomToolBar.swift */; };
		38DA2F7F2DAECD2500E1D4D0 /* BottomTwoButton.swift in Sources */ = {isa = PBXBuildFile; fileRef = 38DA2F7E2DAECD2500E1D4D0 /* BottomTwoButton.swift */; };
		38DA2F812DAED53400E1D4D0 /* PrioritySection.swift in Sources */ = {isa = PBXBuildFile; fileRef = 38DA2F802DAED53400E1D4D0 /* PrioritySection.swift */; };
/* End PBXBuildFile section */

/* Begin PBXFileReference section */
		38102D882DAABD990078F80A /* MoQoo.app */ = {isa = PBXFileReference; explicitFileType = wrapper.application; includeInIndex = 0; path = MoQoo.app; sourceTree = BUILT_PRODUCTS_DIR; };
		38102D8B2DAABD990078F80A /* MoQooApp.swift */ = {isa = PBXFileReference; lastKnownFileType = sourcecode.swift; path = MoQooApp.swift; sourceTree = "<group>"; };
		38102D8D2DAABD990078F80A /* ContentView.swift */ = {isa = PBXFileReference; lastKnownFileType = sourcecode.swift; path = ContentView.swift; sourceTree = "<group>"; };
		38102D8F2DAABD9D0078F80A /* Assets.xcassets */ = {isa = PBXFileReference; lastKnownFileType = folder.assetcatalog; path = Assets.xcassets; sourceTree = "<group>"; };
		38102D922DAABD9D0078F80A /* Preview Assets.xcassets */ = {isa = PBXFileReference; lastKnownFileType = folder.assetcatalog; path = "Preview Assets.xcassets"; sourceTree = "<group>"; };
		38102D9E2DAABE250078F80A /* MainView.swift */ = {isa = PBXFileReference; lastKnownFileType = sourcecode.swift; path = MainView.swift; sourceTree = "<group>"; };
		38102DA02DAACAA30078F80A /* Color.swift */ = {isa = PBXFileReference; lastKnownFileType = sourcecode.swift; path = Color.swift; sourceTree = "<group>"; };
		38102DA22DAACAB60078F80A /* TabBarView.swift */ = {isa = PBXFileReference; lastKnownFileType = sourcecode.swift; path = TabBarView.swift; sourceTree = "<group>"; };
		38102DA42DAACB500078F80A /* GoalView.swift */ = {isa = PBXFileReference; lastKnownFileType = sourcecode.swift; path = GoalView.swift; sourceTree = "<group>"; };
		38102DA62DAACB570078F80A /* RecordView.swift */ = {isa = PBXFileReference; lastKnownFileType = sourcecode.swift; path = RecordView.swift; sourceTree = "<group>"; };
		38102DA82DAACB610078F80A /* MypageView.swift */ = {isa = PBXFileReference; lastKnownFileType = sourcecode.swift; path = MypageView.swift; sourceTree = "<group>"; };
		38102DAA2DAACBB80078F80A /* CustomTabView.swift */ = {isa = PBXFileReference; lastKnownFileType = sourcecode.swift; path = CustomTabView.swift; sourceTree = "<group>"; };
		38DA2F4F2DAEAEB800E1D4D0 /* CreateFinalGoalView.swift */ = {isa = PBXFileReference; lastKnownFileType = sourcecode.swift; path = CreateFinalGoalView.swift; sourceTree = "<group>"; };
		38DA2F512DAEAEC900E1D4D0 /* EditFinalGoalView.swift */ = {isa = PBXFileReference; lastKnownFileType = sourcecode.swift; path = EditFinalGoalView.swift; sourceTree = "<group>"; };
		38DA2F532DAEAED600E1D4D0 /* CreateSubGoalView.swift */ = {isa = PBXFileReference; lastKnownFileType = sourcecode.swift; path = CreateSubGoalView.swift; sourceTree = "<group>"; };
		38DA2F552DAEAEDE00E1D4D0 /* EditSubGoalView.swift */ = {isa = PBXFileReference; lastKnownFileType = sourcecode.swift; path = EditSubGoalView.swift; sourceTree = "<group>"; };
		38DA2F582DAEB3CC00E1D4D0 /* BottomButton.swift */ = {isa = PBXFileReference; lastKnownFileType = sourcecode.swift; path = BottomButton.swift; sourceTree = "<group>"; };
		38DA2F5A2DAEB41000E1D4D0 /* Font.swift */ = {isa = PBXFileReference; lastKnownFileType = sourcecode.swift; path = Font.swift; sourceTree = "<group>"; };
		38DA2F5E2DAEB4DA00E1D4D0 /* Pretendard-Black.otf */ = {isa = PBXFileReference; lastKnownFileType = file; path = "Pretendard-Black.otf"; sourceTree = "<group>"; };
		38DA2F5F2DAEB4DA00E1D4D0 /* Pretendard-Thin.otf */ = {isa = PBXFileReference; lastKnownFileType = file; path = "Pretendard-Thin.otf"; sourceTree = "<group>"; };
		38DA2F602DAEB4DA00E1D4D0 /* Pretendard-Light.otf */ = {isa = PBXFileReference; lastKnownFileType = file; path = "Pretendard-Light.otf"; sourceTree = "<group>"; };
		38DA2F612DAEB4DA00E1D4D0 /* Pretendard-ExtraLight.otf */ = {isa = PBXFileReference; lastKnownFileType = file; path = "Pretendard-ExtraLight.otf"; sourceTree = "<group>"; };
		38DA2F622DAEB4DA00E1D4D0 /* Pretendard-Bold.otf */ = {isa = PBXFileReference; lastKnownFileType = file; path = "Pretendard-Bold.otf"; sourceTree = "<group>"; };
		38DA2F632DAEB4DA00E1D4D0 /* Pretendard-Regular.otf */ = {isa = PBXFileReference; lastKnownFileType = file; path = "Pretendard-Regular.otf"; sourceTree = "<group>"; };
		38DA2F642DAEB4DA00E1D4D0 /* Pretendard-Medium.otf */ = {isa = PBXFileReference; lastKnownFileType = file; path = "Pretendard-Medium.otf"; sourceTree = "<group>"; };
		38DA2F652DAEB4DA00E1D4D0 /* Pretendard-ExtraBold.otf */ = {isa = PBXFileReference; lastKnownFileType = file; path = "Pretendard-ExtraBold.otf"; sourceTree = "<group>"; };
		38DA2F662DAEB4DA00E1D4D0 /* Pretendard-SemiBold.otf */ = {isa = PBXFileReference; lastKnownFileType = file; path = "Pretendard-SemiBold.otf"; sourceTree = "<group>"; };
		38DA2F702DAEB4FA00E1D4D0 /* Info.plist */ = {isa = PBXFileReference; lastKnownFileType = text.plist; path = Info.plist; sourceTree = "<group>"; };
		38DA2F712DAEBAAB00E1D4D0 /* InputTextField.swift */ = {isa = PBXFileReference; lastKnownFileType = sourcecode.swift; path = InputTextField.swift; sourceTree = "<group>"; };
		38DA2F732DAEBD9400E1D4D0 /* InputText.swift */ = {isa = PBXFileReference; lastKnownFileType = sourcecode.swift; path = InputText.swift; sourceTree = "<group>"; };
		38DA2F752DAEC0AD00E1D4D0 /* InputSection.swift */ = {isa = PBXFileReference; lastKnownFileType = sourcecode.swift; path = InputSection.swift; sourceTree = "<group>"; };
		38DA2F772DAEC39500E1D4D0 /* InputTextEditor.swift */ = {isa = PBXFileReference; lastKnownFileType = sourcecode.swift; path = InputTextEditor.swift; sourceTree = "<group>"; };
		38DA2F792DAECAA600E1D4D0 /* CustomToolBar.swift */ = {isa = PBXFileReference; lastKnownFileType = sourcecode.swift; path = CustomToolBar.swift; sourceTree = "<group>"; };
		38DA2F7E2DAECD2500E1D4D0 /* BottomTwoButton.swift */ = {isa = PBXFileReference; lastKnownFileType = sourcecode.swift; path = BottomTwoButton.swift; sourceTree = "<group>"; };
		38DA2F802DAED53400E1D4D0 /* PrioritySection.swift */ = {isa = PBXFileReference; lastKnownFileType = sourcecode.swift; path = PrioritySection.swift; sourceTree = "<group>"; };
/* End PBXFileReference section */

/* Begin PBXFrameworksBuildPhase section */
		38102D852DAABD990078F80A /* Frameworks */ = {
			isa = PBXFrameworksBuildPhase;
			buildActionMask = 2147483647;
			files = (
			);
			runOnlyForDeploymentPostprocessing = 0;
		};
/* End PBXFrameworksBuildPhase section */

/* Begin PBXGroup section */
		38102D7F2DAABD990078F80A = {
			isa = PBXGroup;
			children = (
				38102D8A2DAABD990078F80A /* MoQoo */,
				38102D892DAABD990078F80A /* Products */,
			);
			sourceTree = "<group>";
		};
		38102D892DAABD990078F80A /* Products */ = {
			isa = PBXGroup;
			children = (
				38102D882DAABD990078F80A /* MoQoo.app */,
			);
			name = Products;
			sourceTree = "<group>";
		};
		38102D8A2DAABD990078F80A /* MoQoo */ = {
			isa = PBXGroup;
			children = (
				38DA2F702DAEB4FA00E1D4D0 /* Info.plist */,
				38102D992DAABDCE0078F80A /* App */,
				38102D9A2DAABDD90078F80A /* Extensions */,
				38102D9B2DAABDDE0078F80A /* Models */,
				38102D9C2DAABDE30078F80A /* CustomViews */,
				38102D9D2DAABDE80078F80A /* Views */,
				38102D8F2DAABD9D0078F80A /* Assets.xcassets */,
				38DA2F5C2DAEB48F00E1D4D0 /* Utils */,
				38102D912DAABD9D0078F80A /* Preview Content */,
			);
			path = MoQoo;
			sourceTree = "<group>";
		};
		38102D912DAABD9D0078F80A /* Preview Content */ = {
			isa = PBXGroup;
			children = (
				38102D922DAABD9D0078F80A /* Preview Assets.xcassets */,
			);
			path = "Preview Content";
			sourceTree = "<group>";
		};
		38102D992DAABDCE0078F80A /* App */ = {
			isa = PBXGroup;
			children = (
				38102D8B2DAABD990078F80A /* MoQooApp.swift */,
				38102D8D2DAABD990078F80A /* ContentView.swift */,
			);
			path = App;
			sourceTree = "<group>";
		};
		38102D9A2DAABDD90078F80A /* Extensions */ = {
			isa = PBXGroup;
			children = (
				38102DA02DAACAA30078F80A /* Color.swift */,
				38DA2F5A2DAEB41000E1D4D0 /* Font.swift */,
			);
			path = Extensions;
			sourceTree = "<group>";
		};
		38102D9B2DAABDDE0078F80A /* Models */ = {
			isa = PBXGroup;
			children = (
			);
			path = Models;
			sourceTree = "<group>";
		};
		38102D9C2DAABDE30078F80A /* CustomViews */ = {
			isa = PBXGroup;
			children = (
				38DA2F7B2DAECCB700E1D4D0 /* TabBar */,
				38102DA22DAACAB60078F80A /* TabBarView.swift */,
				38102DAA2DAACBB80078F80A /* CustomTabView.swift */,
				38DA2F822DAEDDF900E1D4D0 /* NavigationBar */,
				38DA2F792DAECAA600E1D4D0 /* CustomToolBar.swift */,
				38DA2F7C2DAECCD000E1D4D0 /* Button */,
				38DA2F582DAEB3CC00E1D4D0 /* BottomButton.swift */,
				38DA2F7E2DAECD2500E1D4D0 /* BottomTwoButton.swift */,
				38DA2F7D2DAECCD700E1D4D0 /* Input */,
				38DA2F752DAEC0AD00E1D4D0 /* InputSection.swift */,
				38DA2F732DAEBD9400E1D4D0 /* InputText.swift */,
				38DA2F712DAEBAAB00E1D4D0 /* InputTextField.swift */,
				38DA2F772DAEC39500E1D4D0 /* InputTextEditor.swift */,
				38DA2F802DAED53400E1D4D0 /* PrioritySection.swift */,
			);
			path = CustomViews;
			sourceTree = "<group>";
		};
		38102D9D2DAABDE80078F80A /* Views */ = {
			isa = PBXGroup;
			children = (
				38102D9E2DAABE250078F80A /* MainView.swift */,
				38DA2F572DAEAEF900E1D4D0 /* Goal */,
				38102DA62DAACB570078F80A /* RecordView.swift */,
				38102DA82DAACB610078F80A /* MypageView.swift */,
			);
			path = Views;
			sourceTree = "<group>";
		};
		38DA2F572DAEAEF900E1D4D0 /* Goal */ = {
			isa = PBXGroup;
			children = (
				38102DA42DAACB500078F80A /* GoalView.swift */,
				38DA2F4F2DAEAEB800E1D4D0 /* CreateFinalGoalView.swift */,
				38DA2F512DAEAEC900E1D4D0 /* EditFinalGoalView.swift */,
				38DA2F532DAEAED600E1D4D0 /* CreateSubGoalView.swift */,
				38DA2F552DAEAEDE00E1D4D0 /* EditSubGoalView.swift */,
			);
			path = Goal;
			sourceTree = "<group>";
		};
		38DA2F5C2DAEB48F00E1D4D0 /* Utils */ = {
			isa = PBXGroup;
			children = (
				38DA2F5D2DAEB4B100E1D4D0 /* Font */,
			);
			path = Utils;
			sourceTree = "<group>";
		};
		38DA2F5D2DAEB4B100E1D4D0 /* Font */ = {
			isa = PBXGroup;
			children = (
				38DA2F5E2DAEB4DA00E1D4D0 /* Pretendard-Black.otf */,
				38DA2F622DAEB4DA00E1D4D0 /* Pretendard-Bold.otf */,
				38DA2F652DAEB4DA00E1D4D0 /* Pretendard-ExtraBold.otf */,
				38DA2F612DAEB4DA00E1D4D0 /* Pretendard-ExtraLight.otf */,
				38DA2F602DAEB4DA00E1D4D0 /* Pretendard-Light.otf */,
				38DA2F642DAEB4DA00E1D4D0 /* Pretendard-Medium.otf */,
				38DA2F632DAEB4DA00E1D4D0 /* Pretendard-Regular.otf */,
				38DA2F662DAEB4DA00E1D4D0 /* Pretendard-SemiBold.otf */,
				38DA2F5F2DAEB4DA00E1D4D0 /* Pretendard-Thin.otf */,
			);
			path = Font;
			sourceTree = "<group>";
		};
		38DA2F7B2DAECCB700E1D4D0 /* TabBar */ = {
			isa = PBXGroup;
			children = (
			);
			path = TabBar;
			sourceTree = "<group>";
		};
		38DA2F7C2DAECCD000E1D4D0 /* Button */ = {
			isa = PBXGroup;
			children = (
			);
			path = Button;
			sourceTree = "<group>";
		};
		38DA2F7D2DAECCD700E1D4D0 /* Input */ = {
			isa = PBXGroup;
			children = (
			);
			path = Input;
			sourceTree = "<group>";
		};
		38DA2F822DAEDDF900E1D4D0 /* NavigationBar */ = {
			isa = PBXGroup;
			children = (
			);
			path = NavigationBar;
			sourceTree = "<group>";
		};
/* End PBXGroup section */

/* Begin PBXNativeTarget section */
		38102D872DAABD990078F80A /* MoQoo */ = {
			isa = PBXNativeTarget;
			buildConfigurationList = 38102D962DAABD9D0078F80A /* Build configuration list for PBXNativeTarget "MoQoo" */;
			buildPhases = (
				38102D842DAABD990078F80A /* Sources */,
				38102D852DAABD990078F80A /* Frameworks */,
				38102D862DAABD990078F80A /* Resources */,
			);
			buildRules = (
			);
			dependencies = (
			);
			name = MoQoo;
			productName = MoQoo;
			productReference = 38102D882DAABD990078F80A /* MoQoo.app */;
			productType = "com.apple.product-type.application";
		};
/* End PBXNativeTarget section */

/* Begin PBXProject section */
		38102D802DAABD990078F80A /* Project object */ = {
			isa = PBXProject;
			attributes = {
				BuildIndependentTargetsInParallel = 1;
				LastSwiftUpdateCheck = 1530;
				LastUpgradeCheck = 1530;
				TargetAttributes = {
					38102D872DAABD990078F80A = {
						CreatedOnToolsVersion = 15.3;
					};
				};
			};
			buildConfigurationList = 38102D832DAABD990078F80A /* Build configuration list for PBXProject "MoQoo" */;
			compatibilityVersion = "Xcode 14.0";
			developmentRegion = en;
			hasScannedForEncodings = 0;
			knownRegions = (
				en,
				Base,
			);
			mainGroup = 38102D7F2DAABD990078F80A;
			productRefGroup = 38102D892DAABD990078F80A /* Products */;
			projectDirPath = "";
			projectRoot = "";
			targets = (
				38102D872DAABD990078F80A /* MoQoo */,
			);
		};
/* End PBXProject section */

/* Begin PBXResourcesBuildPhase section */
		38102D862DAABD990078F80A /* Resources */ = {
			isa = PBXResourcesBuildPhase;
			buildActionMask = 2147483647;
			files = (
				38DA2F6F2DAEB4DA00E1D4D0 /* Pretendard-SemiBold.otf in Resources */,
				38DA2F6A2DAEB4DA00E1D4D0 /* Pretendard-ExtraLight.otf in Resources */,
				38102D932DAABD9D0078F80A /* Preview Assets.xcassets in Resources */,
				38DA2F6E2DAEB4DA00E1D4D0 /* Pretendard-ExtraBold.otf in Resources */,
				38DA2F6B2DAEB4DA00E1D4D0 /* Pretendard-Bold.otf in Resources */,
				38DA2F672DAEB4DA00E1D4D0 /* Pretendard-Black.otf in Resources */,
				38102D902DAABD9D0078F80A /* Assets.xcassets in Resources */,
				38DA2F6C2DAEB4DA00E1D4D0 /* Pretendard-Regular.otf in Resources */,
				38DA2F692DAEB4DA00E1D4D0 /* Pretendard-Light.otf in Resources */,
				38DA2F682DAEB4DA00E1D4D0 /* Pretendard-Thin.otf in Resources */,
				38DA2F6D2DAEB4DA00E1D4D0 /* Pretendard-Medium.otf in Resources */,
			);
			runOnlyForDeploymentPostprocessing = 0;
		};
/* End PBXResourcesBuildPhase section */

/* Begin PBXSourcesBuildPhase section */
		38102D842DAABD990078F80A /* Sources */ = {
			isa = PBXSourcesBuildPhase;
			buildActionMask = 2147483647;
			files = (
				38102DAB2DAACBB90078F80A /* CustomTabView.swift in Sources */,
				38102D8E2DAABD990078F80A /* ContentView.swift in Sources */,
				38DA2F5B2DAEB41000E1D4D0 /* Font.swift in Sources */,
				38DA2F7F2DAECD2500E1D4D0 /* BottomTwoButton.swift in Sources */,
				38102DA92DAACB610078F80A /* MypageView.swift in Sources */,
				38102DA52DAACB500078F80A /* GoalView.swift in Sources */,
				38102DA12DAACAA30078F80A /* Color.swift in Sources */,
				38DA2F782DAEC39500E1D4D0 /* InputTextEditor.swift in Sources */,
				38102DA72DAACB570078F80A /* RecordView.swift in Sources */,
				38102D9F2DAABE250078F80A /* MainView.swift in Sources */,
				38DA2F722DAEBAAB00E1D4D0 /* InputTextField.swift in Sources */,
				38102DA32DAACAB60078F80A /* TabBarView.swift in Sources */,
				38DA2F562DAEAEDE00E1D4D0 /* EditSubGoalView.swift in Sources */,
				38DA2F502DAEAEB800E1D4D0 /* CreateFinalGoalView.swift in Sources */,
				38DA2F762DAEC0AD00E1D4D0 /* InputSection.swift in Sources */,
				38102D8C2DAABD990078F80A /* MoQooApp.swift in Sources */,
				38DA2F542DAEAED600E1D4D0 /* CreateSubGoalView.swift in Sources */,
				38DA2F812DAED53400E1D4D0 /* PrioritySection.swift in Sources */,
				38DA2F7A2DAECAA600E1D4D0 /* CustomToolBar.swift in Sources */,
				38DA2F742DAEBD9400E1D4D0 /* InputText.swift in Sources */,
				38DA2F592DAEB3CC00E1D4D0 /* BottomButton.swift in Sources */,
				38DA2F522DAEAEC900E1D4D0 /* EditFinalGoalView.swift in Sources */,
			);
			runOnlyForDeploymentPostprocessing = 0;
		};
/* End PBXSourcesBuildPhase section */

/* Begin XCBuildConfiguration section */
		38102D942DAABD9D0078F80A /* Debug */ = {
			isa = XCBuildConfiguration;
			buildSettings = {
				ALWAYS_SEARCH_USER_PATHS = NO;
				ASSETCATALOG_COMPILER_GENERATE_SWIFT_ASSET_SYMBOL_EXTENSIONS = YES;
				CLANG_ANALYZER_NONNULL = YES;
				CLANG_ANALYZER_NUMBER_OBJECT_CONVERSION = YES_AGGRESSIVE;
				CLANG_CXX_LANGUAGE_STANDARD = "gnu++20";
				CLANG_ENABLE_MODULES = YES;
				CLANG_ENABLE_OBJC_ARC = YES;
				CLANG_ENABLE_OBJC_WEAK = YES;
				CLANG_WARN_BLOCK_CAPTURE_AUTORELEASING = YES;
				CLANG_WARN_BOOL_CONVERSION = YES;
				CLANG_WARN_COMMA = YES;
				CLANG_WARN_CONSTANT_CONVERSION = YES;
				CLANG_WARN_DEPRECATED_OBJC_IMPLEMENTATIONS = YES;
				CLANG_WARN_DIRECT_OBJC_ISA_USAGE = YES_ERROR;
				CLANG_WARN_DOCUMENTATION_COMMENTS = YES;
				CLANG_WARN_EMPTY_BODY = YES;
				CLANG_WARN_ENUM_CONVERSION = YES;
				CLANG_WARN_INFINITE_RECURSION = YES;
				CLANG_WARN_INT_CONVERSION = YES;
				CLANG_WARN_NON_LITERAL_NULL_CONVERSION = YES;
				CLANG_WARN_OBJC_IMPLICIT_RETAIN_SELF = YES;
				CLANG_WARN_OBJC_LITERAL_CONVERSION = YES;
				CLANG_WARN_OBJC_ROOT_CLASS = YES_ERROR;
				CLANG_WARN_QUOTED_INCLUDE_IN_FRAMEWORK_HEADER = YES;
				CLANG_WARN_RANGE_LOOP_ANALYSIS = YES;
				CLANG_WARN_STRICT_PROTOTYPES = YES;
				CLANG_WARN_SUSPICIOUS_MOVE = YES;
				CLANG_WARN_UNGUARDED_AVAILABILITY = YES_AGGRESSIVE;
				CLANG_WARN_UNREACHABLE_CODE = YES;
				CLANG_WARN__DUPLICATE_METHOD_MATCH = YES;
				COPY_PHASE_STRIP = NO;
				DEBUG_INFORMATION_FORMAT = dwarf;
				ENABLE_STRICT_OBJC_MSGSEND = YES;
				ENABLE_TESTABILITY = YES;
				ENABLE_USER_SCRIPT_SANDBOXING = YES;
				GCC_C_LANGUAGE_STANDARD = gnu17;
				GCC_DYNAMIC_NO_PIC = NO;
				GCC_NO_COMMON_BLOCKS = YES;
				GCC_OPTIMIZATION_LEVEL = 0;
				GCC_PREPROCESSOR_DEFINITIONS = (
					"DEBUG=1",
					"$(inherited)",
				);
				GCC_WARN_64_TO_32_BIT_CONVERSION = YES;
				GCC_WARN_ABOUT_RETURN_TYPE = YES_ERROR;
				GCC_WARN_UNDECLARED_SELECTOR = YES;
				GCC_WARN_UNINITIALIZED_AUTOS = YES_AGGRESSIVE;
				GCC_WARN_UNUSED_FUNCTION = YES;
				GCC_WARN_UNUSED_VARIABLE = YES;
				IPHONEOS_DEPLOYMENT_TARGET = 17.4;
				LOCALIZATION_PREFERS_STRING_CATALOGS = YES;
				MTL_ENABLE_DEBUG_INFO = INCLUDE_SOURCE;
				MTL_FAST_MATH = YES;
				ONLY_ACTIVE_ARCH = YES;
				SDKROOT = iphoneos;
				SWIFT_ACTIVE_COMPILATION_CONDITIONS = "DEBUG $(inherited)";
				SWIFT_OPTIMIZATION_LEVEL = "-Onone";
			};
			name = Debug;
		};
		38102D952DAABD9D0078F80A /* Release */ = {
			isa = XCBuildConfiguration;
			buildSettings = {
				ALWAYS_SEARCH_USER_PATHS = NO;
				ASSETCATALOG_COMPILER_GENERATE_SWIFT_ASSET_SYMBOL_EXTENSIONS = YES;
				CLANG_ANALYZER_NONNULL = YES;
				CLANG_ANALYZER_NUMBER_OBJECT_CONVERSION = YES_AGGRESSIVE;
				CLANG_CXX_LANGUAGE_STANDARD = "gnu++20";
				CLANG_ENABLE_MODULES = YES;
				CLANG_ENABLE_OBJC_ARC = YES;
				CLANG_ENABLE_OBJC_WEAK = YES;
				CLANG_WARN_BLOCK_CAPTURE_AUTORELEASING = YES;
				CLANG_WARN_BOOL_CONVERSION = YES;
				CLANG_WARN_COMMA = YES;
				CLANG_WARN_CONSTANT_CONVERSION = YES;
				CLANG_WARN_DEPRECATED_OBJC_IMPLEMENTATIONS = YES;
				CLANG_WARN_DIRECT_OBJC_ISA_USAGE = YES_ERROR;
				CLANG_WARN_DOCUMENTATION_COMMENTS = YES;
				CLANG_WARN_EMPTY_BODY = YES;
				CLANG_WARN_ENUM_CONVERSION = YES;
				CLANG_WARN_INFINITE_RECURSION = YES;
				CLANG_WARN_INT_CONVERSION = YES;
				CLANG_WARN_NON_LITERAL_NULL_CONVERSION = YES;
				CLANG_WARN_OBJC_IMPLICIT_RETAIN_SELF = YES;
				CLANG_WARN_OBJC_LITERAL_CONVERSION = YES;
				CLANG_WARN_OBJC_ROOT_CLASS = YES_ERROR;
				CLANG_WARN_QUOTED_INCLUDE_IN_FRAMEWORK_HEADER = YES;
				CLANG_WARN_RANGE_LOOP_ANALYSIS = YES;
				CLANG_WARN_STRICT_PROTOTYPES = YES;
				CLANG_WARN_SUSPICIOUS_MOVE = YES;
				CLANG_WARN_UNGUARDED_AVAILABILITY = YES_AGGRESSIVE;
				CLANG_WARN_UNREACHABLE_CODE = YES;
				CLANG_WARN__DUPLICATE_METHOD_MATCH = YES;
				COPY_PHASE_STRIP = NO;
				DEBUG_INFORMATION_FORMAT = "dwarf-with-dsym";
				ENABLE_NS_ASSERTIONS = NO;
				ENABLE_STRICT_OBJC_MSGSEND = YES;
				ENABLE_USER_SCRIPT_SANDBOXING = YES;
				GCC_C_LANGUAGE_STANDARD = gnu17;
				GCC_NO_COMMON_BLOCKS = YES;
				GCC_WARN_64_TO_32_BIT_CONVERSION = YES;
				GCC_WARN_ABOUT_RETURN_TYPE = YES_ERROR;
				GCC_WARN_UNDECLARED_SELECTOR = YES;
				GCC_WARN_UNINITIALIZED_AUTOS = YES_AGGRESSIVE;
				GCC_WARN_UNUSED_FUNCTION = YES;
				GCC_WARN_UNUSED_VARIABLE = YES;
				IPHONEOS_DEPLOYMENT_TARGET = 17.4;
				LOCALIZATION_PREFERS_STRING_CATALOGS = YES;
				MTL_ENABLE_DEBUG_INFO = NO;
				MTL_FAST_MATH = YES;
				SDKROOT = iphoneos;
				SWIFT_COMPILATION_MODE = wholemodule;
				VALIDATE_PRODUCT = YES;
			};
			name = Release;
		};
		38102D972DAABD9D0078F80A /* Debug */ = {
			isa = XCBuildConfiguration;
			buildSettings = {
				ASSETCATALOG_COMPILER_APPICON_NAME = AppIcon;
				ASSETCATALOG_COMPILER_GLOBAL_ACCENT_COLOR_NAME = AccentColor;
				CODE_SIGN_STYLE = Automatic;
				CURRENT_PROJECT_VERSION = 1;
				DEVELOPMENT_ASSET_PATHS = "\"MoQoo/Preview Content\"";
				DEVELOPMENT_TEAM = RW3T7BP2JK;
				ENABLE_PREVIEWS = YES;
				GENERATE_INFOPLIST_FILE = YES;
				INFOPLIST_FILE = MoQoo/Info.plist;
				INFOPLIST_KEY_UIApplicationSceneManifest_Generation = YES;
				INFOPLIST_KEY_UIApplicationSupportsIndirectInputEvents = YES;
				INFOPLIST_KEY_UILaunchScreen_Generation = YES;
				INFOPLIST_KEY_UISupportedInterfaceOrientations_iPad = "UIInterfaceOrientationPortrait UIInterfaceOrientationPortraitUpsideDown UIInterfaceOrientationLandscapeLeft UIInterfaceOrientationLandscapeRight";
				INFOPLIST_KEY_UISupportedInterfaceOrientations_iPhone = "UIInterfaceOrientationPortrait UIInterfaceOrientationLandscapeLeft UIInterfaceOrientationLandscapeRight";
				LD_RUNPATH_SEARCH_PATHS = (
					"$(inherited)",
					"@executable_path/Frameworks",
				);
				MARKETING_VERSION = 1.0;
				PRODUCT_BUNDLE_IDENTIFIER = com.academy.riel.MoQoo;
				PRODUCT_NAME = "$(TARGET_NAME)";
				SWIFT_EMIT_LOC_STRINGS = YES;
				SWIFT_VERSION = 5.0;
				TARGETED_DEVICE_FAMILY = "1,2";
			};
			name = Debug;
		};
		38102D982DAABD9D0078F80A /* Release */ = {
			isa = XCBuildConfiguration;
			buildSettings = {
				ASSETCATALOG_COMPILER_APPICON_NAME = AppIcon;
				ASSETCATALOG_COMPILER_GLOBAL_ACCENT_COLOR_NAME = AccentColor;
				CODE_SIGN_STYLE = Automatic;
				CURRENT_PROJECT_VERSION = 1;
				DEVELOPMENT_ASSET_PATHS = "\"MoQoo/Preview Content\"";
				DEVELOPMENT_TEAM = RW3T7BP2JK;
				ENABLE_PREVIEWS = YES;
				GENERATE_INFOPLIST_FILE = YES;
				INFOPLIST_FILE = MoQoo/Info.plist;
				INFOPLIST_KEY_UIApplicationSceneManifest_Generation = YES;
				INFOPLIST_KEY_UIApplicationSupportsIndirectInputEvents = YES;
				INFOPLIST_KEY_UILaunchScreen_Generation = YES;
				INFOPLIST_KEY_UISupportedInterfaceOrientations_iPad = "UIInterfaceOrientationPortrait UIInterfaceOrientationPortraitUpsideDown UIInterfaceOrientationLandscapeLeft UIInterfaceOrientationLandscapeRight";
				INFOPLIST_KEY_UISupportedInterfaceOrientations_iPhone = "UIInterfaceOrientationPortrait UIInterfaceOrientationLandscapeLeft UIInterfaceOrientationLandscapeRight";
				LD_RUNPATH_SEARCH_PATHS = (
					"$(inherited)",
					"@executable_path/Frameworks",
				);
				MARKETING_VERSION = 1.0;
				PRODUCT_BUNDLE_IDENTIFIER = com.academy.riel.MoQoo;
				PRODUCT_NAME = "$(TARGET_NAME)";
				SWIFT_EMIT_LOC_STRINGS = YES;
				SWIFT_VERSION = 5.0;
				TARGETED_DEVICE_FAMILY = "1,2";
			};
			name = Release;
		};
/* End XCBuildConfiguration section */

/* Begin XCConfigurationList section */
		38102D832DAABD990078F80A /* Build configuration list for PBXProject "MoQoo" */ = {
			isa = XCConfigurationList;
			buildConfigurations = (
				38102D942DAABD9D0078F80A /* Debug */,
				38102D952DAABD9D0078F80A /* Release */,
			);
			defaultConfigurationIsVisible = 0;
			defaultConfigurationName = Release;
		};
		38102D962DAABD9D0078F80A /* Build configuration list for PBXNativeTarget "MoQoo" */ = {
			isa = XCConfigurationList;
			buildConfigurations = (
				38102D972DAABD9D0078F80A /* Debug */,
				38102D982DAABD9D0078F80A /* Release */,
			);
			defaultConfigurationIsVisible = 0;
			defaultConfigurationName = Release;
		};
/* End XCConfigurationList section */
	};
	rootObject = 38102D802DAABD990078F80A /* Project object */;
}
